PODS:
  - Differentiator (5.0.0)
  - Nimble (10.0.0)
  - Quick (6.1.0)
  - Realm (10.33.0):
    - Realm/Headers (= 10.33.0)
  - Realm/Headers (10.33.0)
  - RealmSwift (10.33.0):
    - Realm (= 10.33.0)
  - RxBlocking (6.5.0):
    - RxSwift (= 6.5.0)
  - RxCocoa (6.5.0):
    - RxRelay (= 6.5.0)
    - RxSwift (= 6.5.0)
  - RxDataSources (5.0.0):
    - Differentiator (~> 5.0)
    - RxCocoa (~> 6.0)
    - RxSwift (~> 6.0)
  - RxMKMapView (6.0.1):
    - RxCocoa (~> 6.0)
    - RxSwift (~> 6.0)
  - RxNimble (6.0.0):
    - RxNimble/RxBlocking (= 6.0.0)
  - RxNimble/Core (6.0.0):
    - Nimble (~> 10.0)
    - RxSwift (~> 6.0)
  - RxNimble/RxBlocking (6.0.0):
    - RxBlocking
    - RxNimble/Core
  - RxRealm (5.0.4):
    - Realm (~> 10.21)
    - RealmSwift (~> 10.21)
    - RxCocoa (~> 6.1)
    - RxSwift (~> 6.1)
  - RxRelay (6.5.0):
    - RxSwift (= 6.5.0)
  - RxSwift (6.5.0)
  - SwiftEntryKit (2.0.0)
  - Swinject (2.8.2)
  - TBEmptyDataSet (3.0)

DEPENDENCIES:
  - Nimble
  - Quick
  - RealmSwift
  - RxCocoa
  - RxDataSources
  - RxMKMapView
  - RxNimble
  - RxRealm
  - RxSwift
  - SwiftEntryKit
  - Swinject
  - TBEmptyDataSet

SPEC REPOS:
  trunk:
    - Differentiator
    - Nimble
    - Quick
    - Realm
    - RealmSwift
    - RxBlocking
    - RxCocoa
    - RxDataSources
    - RxMKMapView
    - RxNimble
    - RxRealm
    - RxRelay
    - RxSwift
    - SwiftEntryKit
    - Swinject
    - TBEmptyDataSet

SPEC CHECKSUMS:
  Differentiator: e8497ceab83c1b10ca233716d547b9af21b9344d
  Nimble: 5316ef81a170ce87baf72dd961f22f89a602ff84
  Quick: 6676ffb409bf04abba2ff23902af2407bfc6ac90
  Realm: d4f810e161fa2c2c589b9860b6eb09238deacd73
  RealmSwift: cef9946f09f2333a8f2ac8bac4f8de52fb9f5ac3
  RxBlocking: 04b5fd28bb5ea49f7d64b80db8bbfe50d9cc1c7d
  RxCocoa: 94f817b71c07517321eb4f9ad299112ca8af743b
  RxDataSources: aa47cc1ed6c500fa0dfecac5c979b723542d79cf
  RxMKMapView: 80466fe28566084793b938b5dfec4611dfe32805
  RxNimble: 04caf11bd7e8f7669d68ef69b8fdfe41552c1ef2
  RxRealm: 666c8785327fe2fff972a3093b35dc7055c1ca38
  RxRelay: 1de1523e604c72b6c68feadedd1af3b1b4d0ecbd
  RxSwift: 5710a9e6b17f3c3d6e40d6e559b9fa1e813b2ef8
  SwiftEntryKit: 61b5fa36f34a97dd8013e48a7345bc4c4720be9a
  Swinject: b4a11b31992e8668308dc594ba1cb9b3164a37ab
  TBEmptyDataSet: 349add79095bf66d0d11ef9464edd1a8cf5354b5

PODFILE CHECKSUM: 0b5b16f0cde812e836bd77218a1cf24f62fd0609

COCOAPODS: 1.11.3
