// !$*UTF8*$!
{
	archiveVersion = 1;
	classes = {
	};
	objectVersion = 51;
	objects = {

/* Begin PBXBuildFile section */
		005B8A7909C90B6E79C3BCCF /* Pods_ChefCraftApp.framework in Frameworks */ = {isa = PBXBuildFile; fileRef = 7625E6841389B67C5D4C75C6 /* Pods_ChefCraftApp.framework */; };
		4BD8F9BF26A9A14E003FAC6A /* AppDelegate.swift in Sources */ = {isa = PBXBuildFile; fileRef = 4BD8F9BE26A9A14E003FAC6A /* AppDelegate.swift */; };
		4BD8F9C126A9A14E003FAC6A /* SceneDelegate.swift in Sources */ = {isa = PBXBuildFile; fileRef = 4BD8F9C026A9A14E003FAC6A /* SceneDelegate.swift */; };
		4BD8F9C326A9A14E003FAC6A /* ViewController.swift in Sources */ = {isa = PBXBuildFile; fileRef = 4BD8F9C226A9A14E003FAC6A /* ViewController.swift */; };
		4BD8F9C626A9A14E003FAC6A /* Main.storyboard in Resources */ = {isa = PBXBuildFile; fileRef = 4BD8F9C426A9A14E003FAC6A /* Main.storyboard */; };
		4BD8F9C826A9A150003FAC6A /* Assets.xcassets in Resources */ = {isa = PBXBuildFile; fileRef = 4BD8F9C726A9A150003FAC6A /* Assets.xcassets */; };
		4BD8F9CB26A9A150003FAC6A /* LaunchScreen.storyboard in Resources */ = {isa = PBXBuildFile; fileRef = 4BD8F9C926A9A150003FAC6A /* LaunchScreen.storyboard */; };
		965DA63926A9B35B00958782 /* DependenciesHolder.swift in Sources */ = {isa = PBXBuildFile; fileRef = 965DA63826A9B35B00958782 /* DependenciesHolder.swift */; };
		965DA63E26A9BC7400958782 /* RealmMigrationService.swift in Sources */ = {isa = PBXBuildFile; fileRef = 965DA63D26A9BC7400958782 /* RealmMigrationService.swift */; };
		965DA64026A9BCED00958782 /* DomainConvertibleType.swift in Sources */ = {isa = PBXBuildFile; fileRef = 965DA63F26A9BCED00958782 /* DomainConvertibleType.swift */; };
		965DA64226A9BD1E00958782 /* DatabaseError.swift in Sources */ = {isa = PBXBuildFile; fileRef = 965DA64126A9BD1E00958782 /* DatabaseError.swift */; };
		965DA64426A9BD5300958782 /* RMObjectMethod.swift in Sources */ = {isa = PBXBuildFile; fileRef = 965DA64326A9BD5300958782 /* RMObjectMethod.swift */; };
		965DA64626A9BD7A00958782 /* RealmProtocols.swift in Sources */ = {isa = PBXBuildFile; fileRef = 965DA64526A9BD7A00958782 /* RealmProtocols.swift */; };
		965DA64826A9BDA500958782 /* RealmStorageManager.swift in Sources */ = {isa = PBXBuildFile; fileRef = 965DA64726A9BDA500958782 /* RealmStorageManager.swift */; };
		965DA64E26A9C77F00958782 /* RealmResults+Array.swift in Sources */ = {isa = PBXBuildFile; fileRef = 965DA64D26A9C77F00958782 /* RealmResults+Array.swift */; };
/* End PBXBuildFile section */

/* Begin PBXFileReference section */
		4BD8F9BB26A9A14E003FAC6A /* ChefCraftApp.app */ = {isa = PBXFileReference; explicitFileType = wrapper.application; includeInIndex = 0; path = ChefCraftApp.app; sourceTree = BUILT_PRODUCTS_DIR; };
		4BD8F9BE26A9A14E003FAC6A /* AppDelegate.swift */ = {isa = PBXFileReference; lastKnownFileType = sourcecode.swift; path = AppDelegate.swift; sourceTree = "<group>"; };
		4BD8F9C026A9A14E003FAC6A /* SceneDelegate.swift */ = {isa = PBXFileReference; lastKnownFileType = sourcecode.swift; path = SceneDelegate.swift; sourceTree = "<group>"; };
		4BD8F9C226A9A14E003FAC6A /* ViewController.swift */ = {isa = PBXFileReference; lastKnownFileType = sourcecode.swift; path = ViewController.swift; sourceTree = "<group>"; };
		4BD8F9C526A9A14E003FAC6A /* Base */ = {isa = PBXFileReference; lastKnownFileType = file.storyboard; name = Base; path = Base.lproj/Main.storyboard; sourceTree = "<group>"; };
		4BD8F9C726A9A150003FAC6A /* Assets.xcassets */ = {isa = PBXFileReference; lastKnownFileType = folder.assetcatalog; path = Assets.xcassets; sourceTree = "<group>"; };
		4BD8F9CA26A9A150003FAC6A /* Base */ = {isa = PBXFileReference; lastKnownFileType = file.storyboard; name = Base; path = Base.lproj/LaunchScreen.storyboard; sourceTree = "<group>"; };
		4BD8F9CC26A9A150003FAC6A /* Info.plist */ = {isa = PBXFileReference; lastKnownFileType = text.plist.xml; path = Info.plist; sourceTree = "<group>"; };
		7625E6841389B67C5D4C75C6 /* Pods_ChefCraftApp.framework */ = {isa = PBXFileReference; explicitFileType = wrapper.framework; includeInIndex = 0; path = Pods_ChefCraftApp.framework; sourceTree = BUILT_PRODUCTS_DIR; };
		965DA63826A9B35B00958782 /* DependenciesHolder.swift */ = {isa = PBXFileReference; lastKnownFileType = sourcecode.swift; path = DependenciesHolder.swift; sourceTree = "<group>"; };
		965DA63D26A9BC7400958782 /* RealmMigrationService.swift */ = {isa = PBXFileReference; lastKnownFileType = sourcecode.swift; path = RealmMigrationService.swift; sourceTree = "<group>"; };
		965DA63F26A9BCED00958782 /* DomainConvertibleType.swift */ = {isa = PBXFileReference; lastKnownFileType = sourcecode.swift; path = DomainConvertibleType.swift; sourceTree = "<group>"; };
		965DA64126A9BD1E00958782 /* DatabaseError.swift */ = {isa = PBXFileReference; lastKnownFileType = sourcecode.swift; path = DatabaseError.swift; sourceTree = "<group>"; };
		965DA64326A9BD5300958782 /* RMObjectMethod.swift */ = {isa = PBXFileReference; lastKnownFileType = sourcecode.swift; path = RMObjectMethod.swift; sourceTree = "<group>"; };
		965DA64526A9BD7A00958782 /* RealmProtocols.swift */ = {isa = PBXFileReference; lastKnownFileType = sourcecode.swift; path = RealmProtocols.swift; sourceTree = "<group>"; };
		965DA64726A9BDA500958782 /* RealmStorageManager.swift */ = {isa = PBXFileReference; lastKnownFileType = sourcecode.swift; path = RealmStorageManager.swift; sourceTree = "<group>"; };
		965DA64D26A9C77F00958782 /* RealmResults+Array.swift */ = {isa = PBXFileReference; lastKnownFileType = sourcecode.swift; path = "RealmResults+Array.swift"; sourceTree = "<group>"; };
		CEA678D6BEAFE8D36FDA5E7B /* Pods-ChefCraftApp.debug.xcconfig */ = {isa = PBXFileReference; includeInIndex = 1; lastKnownFileType = text.xcconfig; name = "Pods-ChefCraftApp.debug.xcconfig"; path = "Target Support Files/Pods-ChefCraftApp/Pods-ChefCraftApp.debug.xcconfig"; sourceTree = "<group>"; };
		F684FDF0AD5672D9DC45E50D /* Pods-ChefCraftApp.release.xcconfig */ = {isa = PBXFileReference; includeInIndex = 1; lastKnownFileType = text.xcconfig; name = "Pods-ChefCraftApp.release.xcconfig"; path = "Target Support Files/Pods-ChefCraftApp/Pods-ChefCraftApp.release.xcconfig"; sourceTree = "<group>"; };
/* End PBXFileReference section */

/* Begin PBXFrameworksBuildPhase section */
		4BD8F9B826A9A14E003FAC6A /* Frameworks */ = {
			isa = PBXFrameworksBuildPhase;
			buildActionMask = 2147483647;
			files = (
				005B8A7909C90B6E79C3BCCF /* Pods_ChefCraftApp.framework in Frameworks */,
			);
			runOnlyForDeploymentPostprocessing = 0;
		};
/* End PBXFrameworksBuildPhase section */

/* Begin PBXGroup section */
		4BD8F9B226A9A14E003FAC6A = {
			isa = PBXGroup;
			children = (
				4BD8F9BD26A9A14E003FAC6A /* ChefCraftApp */,
				4BD8F9BC26A9A14E003FAC6A /* Products */,
				D4B5A0B48BE47B42B47E25BF /* Pods */,
				74E362B676995E7149C6F050 /* Frameworks */,
			);
			sourceTree = "<group>";
		};
		4BD8F9BC26A9A14E003FAC6A /* Products */ = {
			isa = PBXGroup;
			children = (
				4BD8F9BB26A9A14E003FAC6A /* ChefCraftApp.app */,
			);
			name = Products;
			sourceTree = "<group>";
		};
		4BD8F9BD26A9A14E003FAC6A /* ChefCraftApp */ = {
			isa = PBXGroup;
			children = (
				965DA64B26A9C74D00958782 /* Extensions */,
				965DA63626A9B2D200958782 /* Flow */,
				965DA63A26A9BC1A00958782 /* Storage */,
				965DA63226A9B12000958782 /* Support Files */,
				965DA63526A9B22300958782 /* Themes */,
				4BD8F9C226A9A14E003FAC6A /* ViewController.swift */,
				4BD8F9C426A9A14E003FAC6A /* Main.storyboard */,
				4BD8F9C926A9A150003FAC6A /* LaunchScreen.storyboard */,
				4BD8F9CC26A9A150003FAC6A /* Info.plist */,
			);
			path = ChefCraftApp;
			sourceTree = "<group>";
		};
		74E362B676995E7149C6F050 /* Frameworks */ = {
			isa = PBXGroup;
			children = (
				7625E6841389B67C5D4C75C6 /* Pods_ChefCraftApp.framework */,
			);
			name = Frameworks;
			sourceTree = "<group>";
		};
		965DA63226A9B12000958782 /* Support Files */ = {
			isa = PBXGroup;
			children = (
				965DA63726A9B31B00958782 /* DependenciesHolder */,
				965DA63426A9B1E100958782 /* AppDelegate */,
			);
			path = "Support Files";
			sourceTree = "<group>";
		};
		965DA63426A9B1E100958782 /* AppDelegate */ = {
			isa = PBXGroup;
			children = (
				4BD8F9BE26A9A14E003FAC6A /* AppDelegate.swift */,
				4BD8F9C026A9A14E003FAC6A /* SceneDelegate.swift */,
			);
			path = AppDelegate;
			sourceTree = "<group>";
		};
		965DA63526A9B22300958782 /* Themes */ = {
			isa = PBXGroup;
			children = (
				4BD8F9C726A9A150003FAC6A /* Assets.xcassets */,
			);
			path = Themes;
			sourceTree = "<group>";
		};
		965DA63626A9B2D200958782 /* Flow */ = {
			isa = PBXGroup;
			children = (
			);
			name = Flow;
			sourceTree = "<group>";
		};
		965DA63726A9B31B00958782 /* DependenciesHolder */ = {
			isa = PBXGroup;
			children = (
				965DA63826A9B35B00958782 /* DependenciesHolder.swift */,
			);
			path = DependenciesHolder;
			sourceTree = "<group>";
		};
		965DA63A26A9BC1A00958782 /* Storage */ = {
			isa = PBXGroup;
			children = (
				965DA63B26A9BC2B00958782 /* Realm */,
			);
			path = Storage;
			sourceTree = "<group>";
		};
		965DA63B26A9BC2B00958782 /* Realm */ = {
			isa = PBXGroup;
			children = (
				965DA64A26A9BE2D00958782 /* Realm Models */,
				965DA64926A9BE2200958782 /* Providers */,
				965DA63C26A9BC4900958782 /* Database Service */,
			);
			path = Realm;
			sourceTree = "<group>";
		};
		965DA63C26A9BC4900958782 /* Database Service */ = {
			isa = PBXGroup;
			children = (
				965DA63D26A9BC7400958782 /* RealmMigrationService.swift */,
				965DA63F26A9BCED00958782 /* DomainConvertibleType.swift */,
				965DA64126A9BD1E00958782 /* DatabaseError.swift */,
				965DA64326A9BD5300958782 /* RMObjectMethod.swift */,
				965DA64526A9BD7A00958782 /* RealmProtocols.swift */,
				965DA64726A9BDA500958782 /* RealmStorageManager.swift */,
			);
			path = "Database Service";
			sourceTree = "<group>";
		};
		965DA64926A9BE2200958782 /* Providers */ = {
			isa = PBXGroup;
			children = (
			);
			path = Providers;
			sourceTree = "<group>";
		};
		965DA64A26A9BE2D00958782 /* Realm Models */ = {
			isa = PBXGroup;
			children = (
			);
			path = "Realm Models";
			sourceTree = "<group>";
		};
		965DA64B26A9C74D00958782 /* Extensions */ = {
			isa = PBXGroup;
			children = (
				965DA64C26A9C76600958782 /* Core Extensions */,
			);
			path = Extensions;
			sourceTree = "<group>";
		};
		965DA64C26A9C76600958782 /* Core Extensions */ = {
			isa = PBXGroup;
			children = (
				965DA64D26A9C77F00958782 /* RealmResults+Array.swift */,
			);
			path = "Core Extensions";
			sourceTree = "<group>";
		};
		D4B5A0B48BE47B42B47E25BF /* Pods */ = {
			isa = PBXGroup;
			children = (
				CEA678D6BEAFE8D36FDA5E7B /* Pods-ChefCraftApp.debug.xcconfig */,
				F684FDF0AD5672D9DC45E50D /* Pods-ChefCraftApp.release.xcconfig */,
			);
			path = Pods;
			sourceTree = "<group>";
		};
/* End PBXGroup section */

/* Begin PBXNativeTarget section */
		4BD8F9BA26A9A14E003FAC6A /* ChefCraftApp */ = {
			isa = PBXNativeTarget;
			buildConfigurationList = 4BD8F9CF26A9A150003FAC6A /* Build configuration list for PBXNativeTarget "ChefCraftApp" */;
			buildPhases = (
				736B70E0EEE38A2B28B54CC9 /* [CP] Check Pods Manifest.lock */,
				4BD8F9B726A9A14E003FAC6A /* Sources */,
				4BD8F9B826A9A14E003FAC6A /* Frameworks */,
				4BD8F9B926A9A14E003FAC6A /* Resources */,
				AB1B0277034086A7052F0819 /* [CP] Embed Pods Frameworks */,
			);
			buildRules = (
			);
			dependencies = (
			);
			name = ChefCraftApp;
			productName = ChefCraftApp;
			productReference = 4BD8F9BB26A9A14E003FAC6A /* ChefCraftApp.app */;
			productType = "com.apple.product-type.application";
		};
/* End PBXNativeTarget section */

/* Begin PBXProject section */
		4BD8F9B326A9A14E003FAC6A /* Project object */ = {
			isa = PBXProject;
			attributes = {
				LastSwiftUpdateCheck = 1250;
				LastUpgradeCheck = 1250;
				TargetAttributes = {
					4BD8F9BA26A9A14E003FAC6A = {
						CreatedOnToolsVersion = 12.5.1;
					};
				};
			};
			buildConfigurationList = 4BD8F9B626A9A14E003FAC6A /* Build configuration list for PBXProject "ChefCraftApp" */;
			compatibilityVersion = "Xcode 9.3";
			developmentRegion = en;
			hasScannedForEncodings = 0;
			knownRegions = (
				en,
				Base,
			);
			mainGroup = 4BD8F9B226A9A14E003FAC6A;
			productRefGroup = 4BD8F9BC26A9A14E003FAC6A /* Products */;
			projectDirPath = "";
			projectRoot = "";
			targets = (
				4BD8F9BA26A9A14E003FAC6A /* ChefCraftApp */,
			);
		};
/* End PBXProject section */

/* Begin PBXResourcesBuildPhase section */
		4BD8F9B926A9A14E003FAC6A /* Resources */ = {
			isa = PBXResourcesBuildPhase;
			buildActionMask = 2147483647;
			files = (
				4BD8F9CB26A9A150003FAC6A /* LaunchScreen.storyboard in Resources */,
				4BD8F9C826A9A150003FAC6A /* Assets.xcassets in Resources */,
				4BD8F9C626A9A14E003FAC6A /* Main.storyboard in Resources */,
			);
			runOnlyForDeploymentPostprocessing = 0;
		};
/* End PBXResourcesBuildPhase section */

/* Begin PBXShellScriptBuildPhase section */
		736B70E0EEE38A2B28B54CC9 /* [CP] Check Pods Manifest.lock */ = {
			isa = PBXShellScriptBuildPhase;
			buildActionMask = 2147483647;
			files = (
			);
			inputFileListPaths = (
			);
			inputPaths = (
				"${PODS_PODFILE_DIR_PATH}/Podfile.lock",
				"${PODS_ROOT}/Manifest.lock",
			);
			name = "[CP] Check Pods Manifest.lock";
			outputFileListPaths = (
			);
			outputPaths = (
				"$(DERIVED_FILE_DIR)/Pods-ChefCraftApp-checkManifestLockResult.txt",
			);
			runOnlyForDeploymentPostprocessing = 0;
			shellPath = /bin/sh;
			shellScript = "diff \"${PODS_PODFILE_DIR_PATH}/Podfile.lock\" \"${PODS_ROOT}/Manifest.lock\" > /dev/null\nif [ $? != 0 ] ; then\n    # print error to STDERR\n    echo \"error: The sandbox is not in sync with the Podfile.lock. Run 'pod install' or update your CocoaPods installation.\" >&2\n    exit 1\nfi\n# This output is used by Xcode 'outputs' to avoid re-running this script phase.\necho \"SUCCESS\" > \"${SCRIPT_OUTPUT_FILE_0}\"\n";
			showEnvVarsInLog = 0;
		};
		AB1B0277034086A7052F0819 /* [CP] Embed Pods Frameworks */ = {
			isa = PBXShellScriptBuildPhase;
			buildActionMask = 2147483647;
			files = (
			);
			inputFileListPaths = (
				"${PODS_ROOT}/Target Support Files/Pods-ChefCraftApp/Pods-ChefCraftApp-frameworks-${CONFIGURATION}-input-files.xcfilelist",
			);
			name = "[CP] Embed Pods Frameworks";
			outputFileListPaths = (
				"${PODS_ROOT}/Target Support Files/Pods-ChefCraftApp/Pods-ChefCraftApp-frameworks-${CONFIGURATION}-output-files.xcfilelist",
			);
			runOnlyForDeploymentPostprocessing = 0;
			shellPath = /bin/sh;
			shellScript = "\"${PODS_ROOT}/Target Support Files/Pods-ChefCraftApp/Pods-ChefCraftApp-frameworks.sh\"\n";
			showEnvVarsInLog = 0;
		};
/* End PBXShellScriptBuildPhase section */

/* Begin PBXSourcesBuildPhase section */
		4BD8F9B726A9A14E003FAC6A /* Sources */ = {
			isa = PBXSourcesBuildPhase;
			buildActionMask = 2147483647;
			files = (
				965DA64226A9BD1E00958782 /* DatabaseError.swift in Sources */,
				965DA63926A9B35B00958782 /* DependenciesHolder.swift in Sources */,
				965DA63E26A9BC7400958782 /* RealmMigrationService.swift in Sources */,
				965DA64E26A9C77F00958782 /* RealmResults+Array.swift in Sources */,
				4BD8F9C326A9A14E003FAC6A /* ViewController.swift in Sources */,
				965DA64626A9BD7A00958782 /* RealmProtocols.swift in Sources */,
				965DA64826A9BDA500958782 /* RealmStorageManager.swift in Sources */,
				4BD8F9BF26A9A14E003FAC6A /* AppDelegate.swift in Sources */,
				4BD8F9C126A9A14E003FAC6A /* SceneDelegate.swift in Sources */,
				965DA64426A9BD5300958782 /* RMObjectMethod.swift in Sources */,
				965DA64026A9BCED00958782 /* DomainConvertibleType.swift in Sources */,
			);
			runOnlyForDeploymentPostprocessing = 0;
		};
/* End PBXSourcesBuildPhase section */

/* Begin PBXVariantGroup section */
		4BD8F9C426A9A14E003FAC6A /* Main.storyboard */ = {
			isa = PBXVariantGroup;
			children = (
				4BD8F9C526A9A14E003FAC6A /* Base */,
			);
			name = Main.storyboard;
			sourceTree = "<group>";
		};
		4BD8F9C926A9A150003FAC6A /* LaunchScreen.storyboard */ = {
			isa = PBXVariantGroup;
			children = (
				4BD8F9CA26A9A150003FAC6A /* Base */,
			);
			name = LaunchScreen.storyboard;
			sourceTree = "<group>";
		};
/* End PBXVariantGroup section */

/* Begin XCBuildConfiguration section */
		4BD8F9CD26A9A150003FAC6A /* Debug */ = {
			isa = XCBuildConfiguration;
			buildSettings = {
				ALWAYS_SEARCH_USER_PATHS = NO;
				CLANG_ANALYZER_NONNULL = YES;
				CLANG_ANALYZER_NUMBER_OBJECT_CONVERSION = YES_AGGRESSIVE;
				CLANG_CXX_LANGUAGE_STANDARD = "gnu++14";
				CLANG_CXX_LIBRARY = "libc++";
				CLANG_ENABLE_MODULES = YES;
				CLANG_ENABLE_OBJC_ARC = YES;
				CLANG_ENABLE_OBJC_WEAK = YES;
				CLANG_WARN_BLOCK_CAPTURE_AUTORELEASING = YES;
				CLANG_WARN_BOOL_CONVERSION = YES;
				CLANG_WARN_COMMA = YES;
				CLANG_WARN_CONSTANT_CONVERSION = YES;
				CLANG_WARN_DEPRECATED_OBJC_IMPLEMENTATIONS = YES;
				CLANG_WARN_DIRECT_OBJC_ISA_USAGE = YES_ERROR;
				CLANG_WARN_DOCUMENTATION_COMMENTS = YES;
				CLANG_WARN_EMPTY_BODY = YES;
				CLANG_WARN_ENUM_CONVERSION = YES;
				CLANG_WARN_INFINITE_RECURSION = YES;
				CLANG_WARN_INT_CONVERSION = YES;
				CLANG_WARN_NON_LITERAL_NULL_CONVERSION = YES;
				CLANG_WARN_OBJC_IMPLICIT_RETAIN_SELF = YES;
				CLANG_WARN_OBJC_LITERAL_CONVERSION = YES;
				CLANG_WARN_OBJC_ROOT_CLASS = YES_ERROR;
				CLANG_WARN_QUOTED_INCLUDE_IN_FRAMEWORK_HEADER = YES;
				CLANG_WARN_RANGE_LOOP_ANALYSIS = YES;
				CLANG_WARN_STRICT_PROTOTYPES = YES;
				CLANG_WARN_SUSPICIOUS_MOVE = YES;
				CLANG_WARN_UNGUARDED_AVAILABILITY = YES_AGGRESSIVE;
				CLANG_WARN_UNREACHABLE_CODE = YES;
				CLANG_WARN__DUPLICATE_METHOD_MATCH = YES;
				COPY_PHASE_STRIP = NO;
				DEBUG_INFORMATION_FORMAT = dwarf;
				ENABLE_STRICT_OBJC_MSGSEND = YES;
				ENABLE_TESTABILITY = YES;
				GCC_C_LANGUAGE_STANDARD = gnu11;
				GCC_DYNAMIC_NO_PIC = NO;
				GCC_NO_COMMON_BLOCKS = YES;
				GCC_OPTIMIZATION_LEVEL = 0;
				GCC_PREPROCESSOR_DEFINITIONS = (
					"DEBUG=1",
					"$(inherited)",
				);
				GCC_WARN_64_TO_32_BIT_CONVERSION = YES;
				GCC_WARN_ABOUT_RETURN_TYPE = YES_ERROR;
				GCC_WARN_UNDECLARED_SELECTOR = YES;
				GCC_WARN_UNINITIALIZED_AUTOS = YES_AGGRESSIVE;
				GCC_WARN_UNUSED_FUNCTION = YES;
				GCC_WARN_UNUSED_VARIABLE = YES;
				IPHONEOS_DEPLOYMENT_TARGET = 14.5;
				MTL_ENABLE_DEBUG_INFO = INCLUDE_SOURCE;
				MTL_FAST_MATH = YES;
				ONLY_ACTIVE_ARCH = YES;
				SDKROOT = iphoneos;
				SWIFT_ACTIVE_COMPILATION_CONDITIONS = DEBUG;
				SWIFT_OPTIMIZATION_LEVEL = "-Onone";
			};
			name = Debug;
		};
		4BD8F9CE26A9A150003FAC6A /* Release */ = {
			isa = XCBuildConfiguration;
			buildSettings = {
				ALWAYS_SEARCH_USER_PATHS = NO;
				CLANG_ANALYZER_NONNULL = YES;
				CLANG_ANALYZER_NUMBER_OBJECT_CONVERSION = YES_AGGRESSIVE;
				CLANG_CXX_LANGUAGE_STANDARD = "gnu++14";
				CLANG_CXX_LIBRARY = "libc++";
				CLANG_ENABLE_MODULES = YES;
				CLANG_ENABLE_OBJC_ARC = YES;
				CLANG_ENABLE_OBJC_WEAK = YES;
				CLANG_WARN_BLOCK_CAPTURE_AUTORELEASING = YES;
				CLANG_WARN_BOOL_CONVERSION = YES;
				CLANG_WARN_COMMA = YES;
				CLANG_WARN_CONSTANT_CONVERSION = YES;
				CLANG_WARN_DEPRECATED_OBJC_IMPLEMENTATIONS = YES;
				CLANG_WARN_DIRECT_OBJC_ISA_USAGE = YES_ERROR;
				CLANG_WARN_DOCUMENTATION_COMMENTS = YES;
				CLANG_WARN_EMPTY_BODY = YES;
				CLANG_WARN_ENUM_CONVERSION = YES;
				CLANG_WARN_INFINITE_RECURSION = YES;
				CLANG_WARN_INT_CONVERSION = YES;
				CLANG_WARN_NON_LITERAL_NULL_CONVERSION = YES;
				CLANG_WARN_OBJC_IMPLICIT_RETAIN_SELF = YES;
				CLANG_WARN_OBJC_LITERAL_CONVERSION = YES;
				CLANG_WARN_OBJC_ROOT_CLASS = YES_ERROR;
				CLANG_WARN_QUOTED_INCLUDE_IN_FRAMEWORK_HEADER = YES;
				CLANG_WARN_RANGE_LOOP_ANALYSIS = YES;
				CLANG_WARN_STRICT_PROTOTYPES = YES;
				CLANG_WARN_SUSPICIOUS_MOVE = YES;
				CLANG_WARN_UNGUARDED_AVAILABILITY = YES_AGGRESSIVE;
				CLANG_WARN_UNREACHABLE_CODE = YES;
				CLANG_WARN__DUPLICATE_METHOD_MATCH = YES;
				COPY_PHASE_STRIP = NO;
				DEBUG_INFORMATION_FORMAT = "dwarf-with-dsym";
				ENABLE_NS_ASSERTIONS = NO;
				ENABLE_STRICT_OBJC_MSGSEND = YES;
				GCC_C_LANGUAGE_STANDARD = gnu11;
				GCC_NO_COMMON_BLOCKS = YES;
				GCC_WARN_64_TO_32_BIT_CONVERSION = YES;
				GCC_WARN_ABOUT_RETURN_TYPE = YES_ERROR;
				GCC_WARN_UNDECLARED_SELECTOR = YES;
				GCC_WARN_UNINITIALIZED_AUTOS = YES_AGGRESSIVE;
				GCC_WARN_UNUSED_FUNCTION = YES;
				GCC_WARN_UNUSED_VARIABLE = YES;
				IPHONEOS_DEPLOYMENT_TARGET = 14.5;
				MTL_ENABLE_DEBUG_INFO = NO;
				MTL_FAST_MATH = YES;
				SDKROOT = iphoneos;
				SWIFT_COMPILATION_MODE = wholemodule;
				SWIFT_OPTIMIZATION_LEVEL = "-O";
				VALIDATE_PRODUCT = YES;
			};
			name = Release;
		};
		4BD8F9D026A9A150003FAC6A /* Debug */ = {
			isa = XCBuildConfiguration;
			baseConfigurationReference = CEA678D6BEAFE8D36FDA5E7B /* Pods-ChefCraftApp.debug.xcconfig */;
			buildSettings = {
				ASSETCATALOG_COMPILER_APPICON_NAME = AppIcon;
				ASSETCATALOG_COMPILER_GLOBAL_ACCENT_COLOR_NAME = AccentColor;
				CODE_SIGN_STYLE = Automatic;
				DEVELOPMENT_TEAM = 8X375UDGCY;
				INFOPLIST_FILE = ChefCraftApp/Info.plist;
				LD_RUNPATH_SEARCH_PATHS = (
					"$(inherited)",
					"@executable_path/Frameworks",
				);
				PRODUCT_BUNDLE_IDENTIFIER = com.my.ChefCraftApp;
				PRODUCT_NAME = "$(TARGET_NAME)";
				SWIFT_VERSION = 5.0;
				TARGETED_DEVICE_FAMILY = "1,2";
			};
			name = Debug;
		};
		4BD8F9D126A9A150003FAC6A /* Release */ = {
			isa = XCBuildConfiguration;
			baseConfigurationReference = F684FDF0AD5672D9DC45E50D /* Pods-ChefCraftApp.release.xcconfig */;
			buildSettings = {
				ASSETCATALOG_COMPILER_APPICON_NAME = AppIcon;
				ASSETCATALOG_COMPILER_GLOBAL_ACCENT_COLOR_NAME = AccentColor;
				CODE_SIGN_STYLE = Automatic;
				DEVELOPMENT_TEAM = 8X375UDGCY;
				INFOPLIST_FILE = ChefCraftApp/Info.plist;
				LD_RUNPATH_SEARCH_PATHS = (
					"$(inherited)",
					"@executable_path/Frameworks",
				);
				PRODUCT_BUNDLE_IDENTIFIER = com.my.ChefCraftApp;
				PRODUCT_NAME = "$(TARGET_NAME)";
				SWIFT_VERSION = 5.0;
				TARGETED_DEVICE_FAMILY = "1,2";
			};
			name = Release;
		};
/* End XCBuildConfiguration section */

/* Begin XCConfigurationList section */
		4BD8F9B626A9A14E003FAC6A /* Build configuration list for PBXProject "ChefCraftApp" */ = {
			isa = XCConfigurationList;
			buildConfigurations = (
				4BD8F9CD26A9A150003FAC6A /* Debug */,
				4BD8F9CE26A9A150003FAC6A /* Release */,
			);
			defaultConfigurationIsVisible = 0;
			defaultConfigurationName = Release;
		};
		4BD8F9CF26A9A150003FAC6A /* Build configuration list for PBXNativeTarget "ChefCraftApp" */ = {
			isa = XCConfigurationList;
			buildConfigurations = (
				4BD8F9D026A9A150003FAC6A /* Debug */,
				4BD8F9D126A9A150003FAC6A /* Release */,
			);
			defaultConfigurationIsVisible = 0;
			defaultConfigurationName = Release;
		};
/* End XCConfigurationList section */
	};
	rootObject = 4BD8F9B326A9A14E003FAC6A /* Project object */;
}
